
Microsoft Visual Studio Solution File, Format Version 12.00
# Visual Studio Version 17
VisualStudioVersion = 17.0.31903.59
MinimumVisualStudioVersion = 10.0.40219.1
Project("{FAE04EC0-301F-11D3-BF4B-00C04F79EFBC}") = "UI-PR-TASK5", "UI-PR-TASK5\UI-PR-TASK5.csproj", "{E04D80F4-4602-4409-8C58-611E27E917A3}"
EndProject
Global
	GlobalSection(SolutionConfigurationPlatforms) = preSolution
		Debug|Any CPU = Debug|Any CPU
		Release|Any CPU = Release|Any CPU
	EndGlobalSection
	GlobalSection(ProjectConfigurationPlatforms) = postSolution
		{E04D80F4-4602-4409-8C58-611E27E917A3}.Debug|Any CPU.ActiveCfg = Debug|Any CPU
		{E04D80F4-4602-4409-8C58-611E27E917A3}.Debug|Any CPU.Build.0 = Debug|Any CPU
		{E04D80F4-4602-4409-8C58-611E27E917A3}.Release|Any CPU.ActiveCfg = Release|Any CPU
		{E04D80F4-4602-4409-8C58-611E27E917A3}.Release|Any CPU.Build.0 = Release|Any CPU
	EndGlobalSection
	GlobalSection(SolutionProperties) = preSolution
		HideSolutionNode = FALSE
	EndGlobalSection
	GlobalSection(ExtensibilityGlobals) = postSolution
		SolutionGuid = {7E84E638-3D41-4889-9D04-35CA6CCB09E8}
	EndGlobalSection
EndGlobal
